
Microsoft Visual Studio Solution File, Format Version 12.00
# Visual Studio Version 16
VisualStudioVersion = 16.0.31410.357
MinimumVisualStudioVersion = 10.0.40219.1
Project("{8BC9CEB8-8B4A-11D0-8D11-00A0C91BC942}") = "SSL_SSP_DLL", "SSL_SSP_DLL\SSL_SSP_DLL.vcxproj", "{723EE2F0-C36D-490A-9760-D1BCA34AA060}"
EndProject
Project("{8BC9CEB8-8B4A-11D0-8D11-00A0C91BC942}") = "Echo_Server", "Echo_Server\Echo_Server.vcxproj", "{3CB09DB9-3761-4DF3-9B6A-75B5D7AA1B8F}"
EndProject
Project("{8BC9CEB8-8B4A-11D0-8D11-00A0C91BC942}") = "Client", "Client\Client.vcxproj", "{7599694B-C015-4F2F-8FB3-EEC65F9BA067}"
EndProject
Global
	GlobalSection(SolutionConfigurationPlatforms) = preSolution
		Debug|x64 = Debug|x64
		Debug|x86 = Debug|x86
		Release|x64 = Release|x64
		Release|x86 = Release|x86
	EndGlobalSection
	GlobalSection(ProjectConfigurationPlatforms) = postSolution
		{723EE2F0-C36D-490A-9760-D1BCA34AA060}.Debug|x64.ActiveCfg = Debug|x64
		{723EE2F0-C36D-490A-9760-D1BCA34AA060}.Debug|x64.Build.0 = Debug|x64
		{723EE2F0-C36D-490A-9760-D1BCA34AA060}.Debug|x86.ActiveCfg = Debug|Win32
		{723EE2F0-C36D-490A-9760-D1BCA34AA060}.Debug|x86.Build.0 = Debug|Win32
		{723EE2F0-C36D-490A-9760-D1BCA34AA060}.Release|x64.ActiveCfg = Release|x64
		{723EE2F0-C36D-490A-9760-D1BCA34AA060}.Release|x64.Build.0 = Release|x64
		{723EE2F0-C36D-490A-9760-D1BCA34AA060}.Release|x86.ActiveCfg = Release|Win32
		{723EE2F0-C36D-490A-9760-D1BCA34AA060}.Release|x86.Build.0 = Release|Win32
		{3CB09DB9-3761-4DF3-9B6A-75B5D7AA1B8F}.Debug|x64.ActiveCfg = Debug|x64
		{3CB09DB9-3761-4DF3-9B6A-75B5D7AA1B8F}.Debug|x64.Build.0 = Debug|x64
		{3CB09DB9-3761-4DF3-9B6A-75B5D7AA1B8F}.Debug|x86.ActiveCfg = Debug|Win32
		{3CB09DB9-3761-4DF3-9B6A-75B5D7AA1B8F}.Release|x64.ActiveCfg = Release|x64
		{3CB09DB9-3761-4DF3-9B6A-75B5D7AA1B8F}.Release|x64.Build.0 = Release|x64
		{3CB09DB9-3761-4DF3-9B6A-75B5D7AA1B8F}.Release|x86.ActiveCfg = Release|Win32
		{3CB09DB9-3761-4DF3-9B6A-75B5D7AA1B8F}.Release|x86.Build.0 = Release|Win32
		{7599694B-C015-4F2F-8FB3-EEC65F9BA067}.Debug|x64.ActiveCfg = Debug|x64
		{7599694B-C015-4F2F-8FB3-EEC65F9BA067}.Debug|x64.Build.0 = Debug|x64
		{7599694B-C015-4F2F-8FB3-EEC65F9BA067}.Debug|x86.ActiveCfg = Debug|Win32
		{7599694B-C015-4F2F-8FB3-EEC65F9BA067}.Release|x64.ActiveCfg = Release|x64
		{7599694B-C015-4F2F-8FB3-EEC65F9BA067}.Release|x64.Build.0 = Release|x64
		{7599694B-C015-4F2F-8FB3-EEC65F9BA067}.Release|x86.ActiveCfg = Release|Win32
		{7599694B-C015-4F2F-8FB3-EEC65F9BA067}.Release|x86.Build.0 = Release|Win32
	EndGlobalSection
	GlobalSection(SolutionProperties) = preSolution
		HideSolutionNode = FALSE
	EndGlobalSection
	GlobalSection(ExtensibilityGlobals) = postSolution
		SolutionGuid = {64401B6A-F947-458E-87E1-1CF87CE8C8B5}
	EndGlobalSection
EndGlobal
